# Generated by nativegate. Do not edit by hand — re-run `ngate lock petro_api`.
#
# Every dependency of this service, pinned by version and SHA-256, so
# `docker build` cannot quietly install different code than it did
# last time. Installed with --require-hashes: a mismatch fails the
# build rather than shipping.
#
# Resolved for the IMAGE, not for the machine that ran the lock:
# Python 3.12, manylinux_2_28_x86_64, manylinux2014_x86_64, manylinux_2_28_aarch64, manylinux2014_aarch64.
# Several hashes per entry is normal — one artifact per architecture.

annotated-doc==0.0.5 \
    --hash=sha256:117bac03a25ede5df5440e855b32d556049ca169ead221505badf432fed4b101
annotated-types==0.8.0 \
    --hash=sha256:f072f4d804ea359e4eaf198b1af7a8b0943881a87f31bb764f8bf219bb9419e0
anyio==4.14.2 \
    --hash=sha256:9f505dda5ac9f0c8309b5e8bd445a8c2bf7246f3ce950121e45ea15bc41d1494
click==8.4.2 \
    --hash=sha256:e6f9f66136c816745b9d65817da91d61d957fb16e02e4dcd0552553c5a197b76
fastapi==0.141.1 \
    --hash=sha256:bfb91aa2d334c61cb35ba9a116fc123b3d3df31640b801cf57a7a78ec3f603b3
gunicorn==26.1.0 \
    --hash=sha256:9f45bcddec5e9dc7a25a3bdccb0c6832f11fd5d4739b1ee36c8d2fec25f1dc86
h11==0.16.0 \
    --hash=sha256:63cf8bbe7522de3bf65932fda1d9c2772064ffb3dae62d55932da54b31cb6c86
idna==3.19 \
    --hash=sha256:815e7be7a7806d54abb586dc943addc79e8b2ee16915059658cbeff4b1b43bf4
numpy==2.5.2 \
    --hash=sha256:3cdec01fa790a186d430433fdd4d4ffb70eed6f0eeb4bf05c8dbe2dce0a9bcb8 \
    --hash=sha256:8ee9c4eeb8454b3660a8b53493563c3e121c2fc94fbd72b848ef814ed7b676a9
pydantic==2.13.4 \
    --hash=sha256:45a282cde31d808236fd7ea9d919b128653c8b38b393d1c4ab335c62924d9aba
pydantic-core==2.46.4 \
    --hash=sha256:8233f2947cf85404441fd7e0085f53b10c93e0ee78611099b5c7237e36aacbf7 \
    --hash=sha256:926c9541b14b12b1681dca8a0b75feb510b06c6341b70a8e500c2fdcff837cce
starlette==1.6.0 \
    --hash=sha256:a86dd39d14bb45f85a3d18525215a9ef0cfd1f192ac793220e72598c90335f0c
typing-extensions==4.16.0 \
    --hash=sha256:481caa481374e813c1b176ada14e97f1f67a4539ce9cfeb3f350d78d6370c2e8
typing-inspection==0.4.4 \
    --hash=sha256:65b8397ba37ccbce054456aaccddfc91e6e3083c92824df348d96ca832f3f147
uvicorn==0.52.4 \
    --hash=sha256:f86e41a149d7d05a9969337e3946a9c171c06a5d42680896daaba624aeac8da1
uvicorn-worker==0.4.0 \
    --hash=sha256:e2ed952cef976f5e9e429d7269640bbcafbd36c80aa80f1003c8c77a6797abde
